
Microsoft Visual Studio Solution File, Format Version 12.00
# Visual Studio Version 16
VisualStudioVersion = 16.0.30204.135
MinimumVisualStudioVersion = 10.0.40219.1
Project("{FAE04EC0-301F-11D3-BF4B-00C04F79EFBC}") = "AtomHealth", "AtomHealth\AtomHealth.csproj", "{E1A08FA7-6597-48B9-8A35-4911ACE5E1A9}"
EndProject
Global
	GlobalSection(SolutionConfigurationPlatforms) = preSolution
		Debug|Any CPU = Debug|Any CPU
		Release|Any CPU = Release|Any CPU
	EndGlobalSection
	GlobalSection(ProjectConfigurationPlatforms) = postSolution
		{E1A08FA7-6597-48B9-8A35-4911ACE5E1A9}.Debug|Any CPU.ActiveCfg = Debug|Any CPU
		{E1A08FA7-6597-48B9-8A35-4911ACE5E1A9}.Debug|Any CPU.Build.0 = Debug|Any CPU
		{E1A08FA7-6597-48B9-8A35-4911ACE5E1A9}.Release|Any CPU.ActiveCfg = Release|Any CPU
		{E1A08FA7-6597-48B9-8A35-4911ACE5E1A9}.Release|Any CPU.Build.0 = Release|Any CPU
	EndGlobalSection
	GlobalSection(SolutionProperties) = preSolution
		HideSolutionNode = FALSE
	EndGlobalSection
	GlobalSection(ExtensibilityGlobals) = postSolution
		SolutionGuid = {222B0370-B150-4A7F-B0DF-8C0E9A364C7E}
	EndGlobalSection
EndGlobal
